// !$*UTF8*$!
{
	archiveVersion = 1;
	classes = {
	};
	objectVersion = 46;
	objects = {

/* Begin PBXBuildFile section */
		3A866B8249069CDB83A34A63 /* libPods.a in Frameworks */ = {isa = PBXBuildFile; fileRef = 184DED4037AE6E070B765A7D /* libPods.a */; };
		B6D783E51CAEB9E500720E2D /* AppDelegate.m in Sources */ = {isa = PBXBuildFile; fileRef = B6D783E41CAEB9E500720E2D /* AppDelegate.m */; };
		B6D783E71CAEB9E500720E2D /* main.m in Sources */ = {isa = PBXBuildFile; fileRef = B6D783E61CAEB9E500720E2D /* main.m */; };
		B6D783EA1CAEB9E500720E2D /* Document.m in Sources */ = {isa = PBXBuildFile; fileRef = B6D783E91CAEB9E500720E2D /* Document.m */; };
		B6D783ED1CAEB9E500720E2D /* Document.xib in Resources */ = {isa = PBXBuildFile; fileRef = B6D783EB1CAEB9E500720E2D /* Document.xib */; };
		B6D783EF1CAEB9E500720E2D /* Images.xcassets in Resources */ = {isa = PBXBuildFile; fileRef = B6D783EE1CAEB9E500720E2D /* Images.xcassets */; };
		B6D783F21CAEB9E500720E2D /* MainMenu.xib in Resources */ = {isa = PBXBuildFile; fileRef = B6D783F01CAEB9E500720E2D /* MainMenu.xib */; };
/* End PBXBuildFile section */

/* Begin PBXFileReference section */
		0878F561795573443CC75A6A /* Pods.debug.xcconfig */ = {isa = PBXFileReference; includeInIndex = 1; lastKnownFileType = text.xcconfig; name = Pods.debug.xcconfig; path = "Pods/Target Support Files/Pods/Pods.debug.xcconfig"; sourceTree = "<group>"; };
		184DED4037AE6E070B765A7D /* libPods.a */ = {isa = PBXFileReference; explicitFileType = archive.ar; includeInIndex = 0; path = libPods.a; sourceTree = BUILT_PRODUCTS_DIR; };
		4691441731F142B94EC59F91 /* Pods.release.xcconfig */ = {isa = PBXFileReference; includeInIndex = 1; lastKnownFileType = text.xcconfig; name = Pods.release.xcconfig; path = "Pods/Target Support Files/Pods/Pods.release.xcconfig"; sourceTree = "<group>"; };
		B6D783DE1CAEB9E500720E2D /* HTTPServiceTool.app */ = {isa = PBXFileReference; explicitFileType = wrapper.application; includeInIndex = 0; path = HTTPServiceTool.app; sourceTree = BUILT_PRODUCTS_DIR; };
		B6D783E21CAEB9E500720E2D /* Info.plist */ = {isa = PBXFileReference; lastKnownFileType = text.plist.xml; path = Info.plist; sourceTree = "<group>"; };
		B6D783E31CAEB9E500720E2D /* AppDelegate.h */ = {isa = PBXFileReference; lastKnownFileType = sourcecode.c.h; path = AppDelegate.h; sourceTree = "<group>"; };
		B6D783E41CAEB9E500720E2D /* AppDelegate.m */ = {isa = PBXFileReference; lastKnownFileType = sourcecode.c.objc; path = AppDelegate.m; sourceTree = "<group>"; };
		B6D783E61CAEB9E500720E2D /* main.m */ = {isa = PBXFileReference; lastKnownFileType = sourcecode.c.objc; path = main.m; sourceTree = "<group>"; };
		B6D783E81CAEB9E500720E2D /* Document.h */ = {isa = PBXFileReference; lastKnownFileType = sourcecode.c.h; path = Document.h; sourceTree = "<group>"; };
		B6D783E91CAEB9E500720E2D /* Document.m */ = {isa = PBXFileReference; lastKnownFileType = sourcecode.c.objc; path = Document.m; sourceTree = "<group>"; };
		B6D783EC1CAEB9E500720E2D /* Base */ = {isa = PBXFileReference; lastKnownFileType = file.xib; name = Base; path = Base.lproj/Document.xib; sourceTree = "<group>"; };
		B6D783EE1CAEB9E500720E2D /* Images.xcassets */ = {isa = PBXFileReference; lastKnownFileType = folder.assetcatalog; path = Images.xcassets; sourceTree = "<group>"; };
		B6D783F11CAEB9E500720E2D /* Base */ = {isa = PBXFileReference; lastKnownFileType = file.xib; name = Base; path = Base.lproj/MainMenu.xib; sourceTree = "<group>"; };
/* End PBXFileReference section */

/* Begin PBXFrameworksBuildPhase section */
		B6D783DB1CAEB9E500720E2D /* Frameworks */ = {
			isa = PBXFrameworksBuildPhase;
			buildActionMask = 2147483647;
			files = (
				3A866B8249069CDB83A34A63 /* libPods.a in Frameworks */,
			);
			runOnlyForDeploymentPostprocessing = 0;
		};
/* End PBXFrameworksBuildPhase section */

/* Begin PBXGroup section */
		69A1B976EE9269C58D3B4FC0 /* Frameworks */ = {
			isa = PBXGroup;
			children = (
				184DED4037AE6E070B765A7D /* libPods.a */,
			);
			name = Frameworks;
			sourceTree = "<group>";
		};
		B6D783D51CAEB9E500720E2D = {
			isa = PBXGroup;
			children = (
				B6D783E01CAEB9E500720E2D /* HTTPServiceTool */,
				B6D783DF1CAEB9E500720E2D /* Products */,
				C19BD28D43E333BA763E5D1A /* Pods */,
				69A1B976EE9269C58D3B4FC0 /* Frameworks */,
			);
			sourceTree = "<group>";
		};
		B6D783DF1CAEB9E500720E2D /* Products */ = {
			isa = PBXGroup;
			children = (
				B6D783DE1CAEB9E500720E2D /* HTTPServiceTool.app */,
			);
			name = Products;
			sourceTree = "<group>";
		};
		B6D783E01CAEB9E500720E2D /* HTTPServiceTool */ = {
			isa = PBXGroup;
			children = (
				B6D783E31CAEB9E500720E2D /* AppDelegate.h */,
				B6D783E41CAEB9E500720E2D /* AppDelegate.m */,
				B6D783E81CAEB9E500720E2D /* Document.h */,
				B6D783E91CAEB9E500720E2D /* Document.m */,
				B6D783EB1CAEB9E500720E2D /* Document.xib */,
				B6D783EE1CAEB9E500720E2D /* Images.xcassets */,
				B6D783F01CAEB9E500720E2D /* MainMenu.xib */,
				B6D783E11CAEB9E500720E2D /* Supporting Files */,
			);
			path = HTTPServiceTool;
			sourceTree = "<group>";
		};
		B6D783E11CAEB9E500720E2D /* Supporting Files */ = {
			isa = PBXGroup;
			children = (
				B6D783E21CAEB9E500720E2D /* Info.plist */,
				B6D783E61CAEB9E500720E2D /* main.m */,
			);
			name = "Supporting Files";
			sourceTree = "<group>";
		};
		C19BD28D43E333BA763E5D1A /* Pods */ = {
			isa = PBXGroup;
			children = (
				0878F561795573443CC75A6A /* Pods.debug.xcconfig */,
				4691441731F142B94EC59F91 /* Pods.release.xcconfig */,
			);
			name = Pods;
			sourceTree = "<group>";
		};
/* End PBXGroup section */

/* Begin PBXNativeTarget section */
		B6D783DD1CAEB9E500720E2D /* HTTPServiceTool */ = {
			isa = PBXNativeTarget;
			buildConfigurationList = B6D784011CAEB9E500720E2D /* Build configuration list for PBXNativeTarget "HTTPServiceTool" */;
			buildPhases = (
				747FBA9659C0FDB85345D441 /* Check Pods Manifest.lock */,
				B6D783DA1CAEB9E500720E2D /* Sources */,
				B6D783DB1CAEB9E500720E2D /* Frameworks */,
				B6D783DC1CAEB9E500720E2D /* Resources */,
				85D7630BA1E3515396932AF2 /* Embed Pods Frameworks */,
				17522FB8340BBB319DEF90CB /* Copy Pods Resources */,
			);
			buildRules = (
			);
			dependencies = (
			);
			name = HTTPServiceTool;
			productName = HTTPServiceTool;
			productReference = B6D783DE1CAEB9E500720E2D /* HTTPServiceTool.app */;
			productType = "com.apple.product-type.application";
		};
/* End PBXNativeTarget section */

/* Begin PBXProject section */
		B6D783D61CAEB9E500720E2D /* Project object */ = {
			isa = PBXProject;
			attributes = {
				LastUpgradeCheck = 0630;
				ORGANIZATIONNAME = "Omkar Ramtekkar";
				TargetAttributes = {
					B6D783DD1CAEB9E500720E2D = {
						CreatedOnToolsVersion = 6.3.2;
					};
				};
			};
			buildConfigurationList = B6D783D91CAEB9E500720E2D /* Build configuration list for PBXProject "HTTPServiceTool" */;
			compatibilityVersion = "Xcode 3.2";
			developmentRegion = English;
			hasScannedForEncodings = 0;
			knownRegions = (
				en,
				Base,
			);
			mainGroup = B6D783D51CAEB9E500720E2D;
			productRefGroup = B6D783DF1CAEB9E500720E2D /* Products */;
			projectDirPath = "";
			projectRoot = "";
			targets = (
				B6D783DD1CAEB9E500720E2D /* HTTPServiceTool */,
			);
		};
/* End PBXProject section */

/* Begin PBXResourcesBuildPhase section */
		B6D783DC1CAEB9E500720E2D /* Resources */ = {
			isa = PBXResourcesBuildPhase;
			buildActionMask = 2147483647;
			files = (
				B6D783ED1CAEB9E500720E2D /* Document.xib in Resources */,
				B6D783EF1CAEB9E500720E2D /* Images.xcassets in Resources */,
				B6D783F21CAEB9E500720E2D /* MainMenu.xib in Resources */,
			);
			runOnlyForDeploymentPostprocessing = 0;
		};
/* End PBXResourcesBuildPhase section */

/* Begin PBXShellScriptBuildPhase section */
		17522FB8340BBB319DEF90CB /* Copy Pods Resources */ = {
			isa = PBXShellScriptBuildPhase;
			buildActionMask = 2147483647;
			files = (
			);
			inputPaths = (
			);
			name = "Copy Pods Resources";
			outputPaths = (
			);
			runOnlyForDeploymentPostprocessing = 0;
			shellPath = /bin/sh;
			shellScript = "\"${SRCROOT}/Pods/Target Support Files/Pods/Pods-resources.sh\"\n";
			showEnvVarsInLog = 0;
		};
		747FBA9659C0FDB85345D441 /* Check Pods Manifest.lock */ = {
			isa = PBXShellScriptBuildPhase;
			buildActionMask = 2147483647;
			files = (
			);
			inputPaths = (
			);
			name = "Check Pods Manifest.lock";
			outputPaths = (
			);
			runOnlyForDeploymentPostprocessing = 0;
			shellPath = /bin/sh;
			shellScript = "diff \"${PODS_ROOT}/../Podfile.lock\" \"${PODS_ROOT}/Manifest.lock\" > /dev/null\nif [[ $? != 0 ]] ; then\n    cat << EOM\nerror: The sandbox is not in sync with the Podfile.lock. Run 'pod install' or update your CocoaPods installation.\nEOM\n    exit 1\nfi\n";
			showEnvVarsInLog = 0;
		};
		85D7630BA1E3515396932AF2 /* Embed Pods Frameworks */ = {
			isa = PBXShellScriptBuildPhase;
			buildActionMask = 2147483647;
			files = (
			);
			inputPaths = (
			);
			name = "Embed Pods Frameworks";
			outputPaths = (
			);
			runOnlyForDeploymentPostprocessing = 0;
			shellPath = /bin/sh;
			shellScript = "\"${SRCROOT}/Pods/Target Support Files/Pods/Pods-frameworks.sh\"\n";
			showEnvVarsInLog = 0;
		};
/* End PBXShellScriptBuildPhase section */

/* Begin PBXSourcesBuildPhase section */
		B6D783DA1CAEB9E500720E2D /* Sources */ = {
			isa = PBXSourcesBuildPhase;
			buildActionMask = 2147483647;
			files = (
				B6D783EA1CAEB9E500720E2D /* Document.m in Sources */,
				B6D783E71CAEB9E500720E2D /* main.m in Sources */,
				B6D783E51CAEB9E500720E2D /* AppDelegate.m in Sources */,
			);
			runOnlyForDeploymentPostprocessing = 0;
		};
/* End PBXSourcesBuildPhase section */

/* Begin PBXVariantGroup section */
		B6D783EB1CAEB9E500720E2D /* Document.xib */ = {
			isa = PBXVariantGroup;
			children = (
				B6D783EC1CAEB9E500720E2D /* Base */,
			);
			name = Document.xib;
			sourceTree = "<group>";
		};
		B6D783F01CAEB9E500720E2D /* MainMenu.xib */ = {
			isa = PBXVariantGroup;
			children = (
				B6D783F11CAEB9E500720E2D /* Base */,
			);
			name = MainMenu.xib;
			sourceTree = "<group>";
		};
/* End PBXVariantGroup section */

/* Begin XCBuildConfiguration section */
		B6D783FF1CAEB9E500720E2D /* Debug */ = {
			isa = XCBuildConfiguration;
			buildSettings = {
				ALWAYS_SEARCH_USER_PATHS = NO;
				CLANG_ENABLE_MODULES = YES;
				CLANG_ENABLE_OBJC_ARC = YES;
				CODE_SIGN_IDENTITY = "-";
				COPY_PHASE_STRIP = NO;
				DEBUG_INFORMATION_FORMAT = dwarf;
				GCC_DYNAMIC_NO_PIC = NO;
				GCC_NO_COMMON_BLOCKS = YES;
				GCC_OPTIMIZATION_LEVEL = 0;
				GCC_PREPROCESSOR_DEFINITIONS = (
					"DEBUG=1",
					"$(inherited)",
				);
				GCC_SYMBOLS_PRIVATE_EXTERN = NO;
				MACOSX_DEPLOYMENT_TARGET = 10.9;
				ONLY_ACTIVE_ARCH = YES;
				SDKROOT = macosx10.9;
			};
			name = Debug;
		};
		B6D784001CAEB9E500720E2D /* Release */ = {
			isa = XCBuildConfiguration;
			buildSettings = {
				ALWAYS_SEARCH_USER_PATHS = NO;
				CLANG_ENABLE_MODULES = YES;
				CLANG_ENABLE_OBJC_ARC = YES;
				CODE_SIGN_IDENTITY = "-";
				COPY_PHASE_STRIP = NO;
				DEBUG_INFORMATION_FORMAT = "dwarf-with-dsym";
				GCC_NO_COMMON_BLOCKS = YES;
				MACOSX_DEPLOYMENT_TARGET = 10.9;
				SDKROOT = macosx10.9;
			};
			name = Release;
		};
		B6D784021CAEB9E500720E2D /* Debug */ = {
			isa = XCBuildConfiguration;
			baseConfigurationReference = 0878F561795573443CC75A6A /* Pods.debug.xcconfig */;
			buildSettings = {
				ASSETCATALOG_COMPILER_APPICON_NAME = AppIcon;
				COMBINE_HIDPI_IMAGES = YES;
				INFOPLIST_FILE = HTTPServiceTool/Info.plist;
				LD_RUNPATH_SEARCH_PATHS = "$(inherited) @executable_path/../Frameworks";
				PRODUCT_NAME = "$(TARGET_NAME)";
			};
			name = Debug;
		};
		B6D784031CAEB9E500720E2D /* Release */ = {
			isa = XCBuildConfiguration;
			baseConfigurationReference = 4691441731F142B94EC59F91 /* Pods.release.xcconfig */;
			buildSettings = {
				ASSETCATALOG_COMPILER_APPICON_NAME = AppIcon;
				COMBINE_HIDPI_IMAGES = YES;
				INFOPLIST_FILE = HTTPServiceTool/Info.plist;
				LD_RUNPATH_SEARCH_PATHS = "$(inherited) @executable_path/../Frameworks";
				PRODUCT_NAME = "$(TARGET_NAME)";
			};
			name = Release;
		};
/* End XCBuildConfiguration section */

/* Begin XCConfigurationList section */
		B6D783D91CAEB9E500720E2D /* Build configuration list for PBXProject "HTTPServiceTool" */ = {
			isa = XCConfigurationList;
			buildConfigurations = (
				B6D783FF1CAEB9E500720E2D /* Debug */,
				B6D784001CAEB9E500720E2D /* Release */,
			);
			defaultConfigurationIsVisible = 0;
			defaultConfigurationName = Release;
		};
		B6D784011CAEB9E500720E2D /* Build configuration list for PBXNativeTarget "HTTPServiceTool" */ = {
			isa = XCConfigurationList;
			buildConfigurations = (
				B6D784021CAEB9E500720E2D /* Debug */,
				B6D784031CAEB9E500720E2D /* Release */,
			);
			defaultConfigurationIsVisible = 0;
			defaultConfigurationName = Release;
		};
/* End XCConfigurationList section */
	};
	rootObject = B6D783D61CAEB9E500720E2D /* Project object */;
}
